
Microsoft Visual Studio Solution File, Format Version 12.00
# Visual Studio Version 16
VisualStudioVersion = 16.0.28803.452
MinimumVisualStudioVersion = 10.0.40219.1
Project("{FAE04EC0-301F-11D3-BF4B-00C04F79EFBC}") = "CareerCloud.Pocos", "CareerCloud.Pocos\CareerCloud.Pocos.csproj", "{EF81E03A-19A3-476A-BE3E-7307FFDC4D35}"
EndProject
Project("{FAE04EC0-301F-11D3-BF4B-00C04F79EFBC}") = "CareerCloud.DataAccessLayer", "CareerCloud.DataAccessLayer\CareerCloud.DataAccessLayer.csproj", "{86C0BDE7-0ABC-4044-B8AE-5D5B30066CDC}"
EndProject
Project("{FAE04EC0-301F-11D3-BF4B-00C04F79EFBC}") = "CareerCloud.ADODataAccessLayer", "CareerCloud.ADODataAccessLayer\CareerCloud.ADODataAccessLayer.csproj", "{9F708A49-6110-4EC0-A259-F2A7A6E14B4A}"
EndProject
Project("{FAE04EC0-301F-11D3-BF4B-00C04F79EFBC}") = "CareerCloud.BusinessLogicLayer", "CareerCloud.BusinessLogicLayer\CareerCloud.BusinessLogicLayer.csproj", "{6C02A7AE-6C20-42D0-BDF5-0D7FD1DC7FAD}"
EndProject
Project("{FAE04EC0-301F-11D3-BF4B-00C04F79EFBC}") = "CareerCloud.EntityFrameworkDataAccess", "CareerCloud.EntityFrameworkDataAccess\CareerCloud.EntityFrameworkDataAccess.csproj", "{F2A7D56B-202A-4589-99F3-324355DA25F1}"
EndProject
Project("{FAE04EC0-301F-11D3-BF4B-00C04F79EFBC}") = "CarerrCloud.UnitTests.Assignment4", "..\..\..\Users\khush\source\CareerCloud.UnitTests.Assignment4\CarerrCloud.UnitTests.Assignment4\CarerrCloud.UnitTests.Assignment4.csproj", "{D8F213B9-4DC6-4C4E-A7A5-D741C0C7DFE3}"
EndProject
Global
	GlobalSection(SolutionConfigurationPlatforms) = preSolution
		Debug|Any CPU = Debug|Any CPU
		Release|Any CPU = Release|Any CPU
	EndGlobalSection
	GlobalSection(ProjectConfigurationPlatforms) = postSolution
		{EF81E03A-19A3-476A-BE3E-7307FFDC4D35}.Debug|Any CPU.ActiveCfg = Debug|Any CPU
		{EF81E03A-19A3-476A-BE3E-7307FFDC4D35}.Debug|Any CPU.Build.0 = Debug|Any CPU
		{EF81E03A-19A3-476A-BE3E-7307FFDC4D35}.Release|Any CPU.ActiveCfg = Release|Any CPU
		{EF81E03A-19A3-476A-BE3E-7307FFDC4D35}.Release|Any CPU.Build.0 = Release|Any CPU
		{86C0BDE7-0ABC-4044-B8AE-5D5B30066CDC}.Debug|Any CPU.ActiveCfg = Debug|Any CPU
		{86C0BDE7-0ABC-4044-B8AE-5D5B30066CDC}.Debug|Any CPU.Build.0 = Debug|Any CPU
		{86C0BDE7-0ABC-4044-B8AE-5D5B30066CDC}.Release|Any CPU.ActiveCfg = Release|Any CPU
		{86C0BDE7-0ABC-4044-B8AE-5D5B30066CDC}.Release|Any CPU.Build.0 = Release|Any CPU
		{9F708A49-6110-4EC0-A259-F2A7A6E14B4A}.Debug|Any CPU.ActiveCfg = Debug|Any CPU
		{9F708A49-6110-4EC0-A259-F2A7A6E14B4A}.Debug|Any CPU.Build.0 = Debug|Any CPU
		{9F708A49-6110-4EC0-A259-F2A7A6E14B4A}.Release|Any CPU.ActiveCfg = Release|Any CPU
		{9F708A49-6110-4EC0-A259-F2A7A6E14B4A}.Release|Any CPU.Build.0 = Release|Any CPU
		{6C02A7AE-6C20-42D0-BDF5-0D7FD1DC7FAD}.Debug|Any CPU.ActiveCfg = Debug|Any CPU
		{6C02A7AE-6C20-42D0-BDF5-0D7FD1DC7FAD}.Debug|Any CPU.Build.0 = Debug|Any CPU
		{6C02A7AE-6C20-42D0-BDF5-0D7FD1DC7FAD}.Release|Any CPU.ActiveCfg = Release|Any CPU
		{6C02A7AE-6C20-42D0-BDF5-0D7FD1DC7FAD}.Release|Any CPU.Build.0 = Release|Any CPU
		{F2A7D56B-202A-4589-99F3-324355DA25F1}.Debug|Any CPU.ActiveCfg = Debug|Any CPU
		{F2A7D56B-202A-4589-99F3-324355DA25F1}.Debug|Any CPU.Build.0 = Debug|Any CPU
		{F2A7D56B-202A-4589-99F3-324355DA25F1}.Release|Any CPU.ActiveCfg = Release|Any CPU
		{F2A7D56B-202A-4589-99F3-324355DA25F1}.Release|Any CPU.Build.0 = Release|Any CPU
		{D8F213B9-4DC6-4C4E-A7A5-D741C0C7DFE3}.Debug|Any CPU.ActiveCfg = Debug|Any CPU
		{D8F213B9-4DC6-4C4E-A7A5-D741C0C7DFE3}.Debug|Any CPU.Build.0 = Debug|Any CPU
		{D8F213B9-4DC6-4C4E-A7A5-D741C0C7DFE3}.Release|Any CPU.ActiveCfg = Release|Any CPU
		{D8F213B9-4DC6-4C4E-A7A5-D741C0C7DFE3}.Release|Any CPU.Build.0 = Release|Any CPU
	EndGlobalSection
	GlobalSection(SolutionProperties) = preSolution
		HideSolutionNode = FALSE
	EndGlobalSection
	GlobalSection(ExtensibilityGlobals) = postSolution
		SolutionGuid = {51810AB5-1362-49BA-9548-07D8E1B73EB1}
	EndGlobalSection
EndGlobal
